// !$*UTF8*$!
{
	archiveVersion = 1;
	classes = {
	};
	objectVersion = 55;
	objects = {

/* Begin PBXBuildFile section */
		ECAD8DAA274820DF008DBD18 /* FavoriteButton.swift in Sources */ = {isa = PBXBuildFile; fileRef = ECAD8DA9274820DE008DBD18 /* FavoriteButton.swift */; };
		ECAD8DAE27482D1A008DBD18 /* HexagonParameters.swift in Sources */ = {isa = PBXBuildFile; fileRef = ECAD8DAD27482D1A008DBD18 /* HexagonParameters.swift */; };
		ECDA4DEE2746FDBD006A30FD /* LandmarksApp.swift in Sources */ = {isa = PBXBuildFile; fileRef = ECDA4DED2746FDBD006A30FD /* LandmarksApp.swift */; };
		ECDA4DF02746FDBD006A30FD /* ContentView.swift in Sources */ = {isa = PBXBuildFile; fileRef = ECDA4DEF2746FDBD006A30FD /* ContentView.swift */; };
		ECDA4DF22746FDC4006A30FD /* Assets.xcassets in Resources */ = {isa = PBXBuildFile; fileRef = ECDA4DF12746FDC4006A30FD /* Assets.xcassets */; };
		ECDA4DF52746FDC4006A30FD /* Preview Assets.xcassets in Resources */ = {isa = PBXBuildFile; fileRef = ECDA4DF42746FDC4006A30FD /* Preview Assets.xcassets */; };
		ECDA4DFC274703BB006A30FD /* CircleImage.swift in Sources */ = {isa = PBXBuildFile; fileRef = ECDA4DFB274703BB006A30FD /* CircleImage.swift */; };
		ECDA4DFE274704E4006A30FD /* MapView.swift in Sources */ = {isa = PBXBuildFile; fileRef = ECDA4DFD274704E4006A30FD /* MapView.swift */; };
		ECDA4E0027470B18006A30FD /* landmarkData.json in Resources */ = {isa = PBXBuildFile; fileRef = ECDA4DFF27470B18006A30FD /* landmarkData.json */; };
		ECDA4E0227470B3F006A30FD /* Landmark.swift in Sources */ = {isa = PBXBuildFile; fileRef = ECDA4E0127470B3F006A30FD /* Landmark.swift */; };
		ECDA4E0427471330006A30FD /* ModelData.swift in Sources */ = {isa = PBXBuildFile; fileRef = ECDA4E0327471330006A30FD /* ModelData.swift */; };
		ECDA4E0927473F5F006A30FD /* LandmarkRow.swift in Sources */ = {isa = PBXBuildFile; fileRef = ECDA4E0827473F5F006A30FD /* LandmarkRow.swift */; };
		ECDA4E0B274744DA006A30FD /* LandmarkList.swift in Sources */ = {isa = PBXBuildFile; fileRef = ECDA4E0A274744DA006A30FD /* LandmarkList.swift */; };
		ECDA4E0D27476757006A30FD /* LandmarkDetail.swift in Sources */ = {isa = PBXBuildFile; fileRef = ECDA4E0C27476756006A30FD /* LandmarkDetail.swift */; };
/* End PBXBuildFile section */

/* Begin PBXFileReference section */
		ECAD8DA9274820DE008DBD18 /* FavoriteButton.swift */ = {isa = PBXFileReference; lastKnownFileType = sourcecode.swift; path = FavoriteButton.swift; sourceTree = "<group>"; };
		ECAD8DAD27482D1A008DBD18 /* HexagonParameters.swift */ = {isa = PBXFileReference; lastKnownFileType = sourcecode.swift; path = HexagonParameters.swift; sourceTree = "<group>"; };
		ECDA4DEA2746FDBD006A30FD /* Landmarks.app */ = {isa = PBXFileReference; explicitFileType = wrapper.application; includeInIndex = 0; path = Landmarks.app; sourceTree = BUILT_PRODUCTS_DIR; };
		ECDA4DED2746FDBD006A30FD /* LandmarksApp.swift */ = {isa = PBXFileReference; lastKnownFileType = sourcecode.swift; path = LandmarksApp.swift; sourceTree = "<group>"; };
		ECDA4DEF2746FDBD006A30FD /* ContentView.swift */ = {isa = PBXFileReference; lastKnownFileType = sourcecode.swift; path = ContentView.swift; sourceTree = "<group>"; };
		ECDA4DF12746FDC4006A30FD /* Assets.xcassets */ = {isa = PBXFileReference; lastKnownFileType = folder.assetcatalog; path = Assets.xcassets; sourceTree = "<group>"; };
		ECDA4DF42746FDC4006A30FD /* Preview Assets.xcassets */ = {isa = PBXFileReference; lastKnownFileType = folder.assetcatalog; path = "Preview Assets.xcassets"; sourceTree = "<group>"; };
		ECDA4DFB274703BB006A30FD /* CircleImage.swift */ = {isa = PBXFileReference; lastKnownFileType = sourcecode.swift; path = CircleImage.swift; sourceTree = "<group>"; };
		ECDA4DFD274704E4006A30FD /* MapView.swift */ = {isa = PBXFileReference; lastKnownFileType = sourcecode.swift; path = MapView.swift; sourceTree = "<group>"; };
		ECDA4DFF27470B18006A30FD /* landmarkData.json */ = {isa = PBXFileReference; fileEncoding = 4; lastKnownFileType = text.json; path = landmarkData.json; sourceTree = "<group>"; };
		ECDA4E0127470B3F006A30FD /* Landmark.swift */ = {isa = PBXFileReference; lastKnownFileType = sourcecode.swift; path = Landmark.swift; sourceTree = "<group>"; };
		ECDA4E0327471330006A30FD /* ModelData.swift */ = {isa = PBXFileReference; lastKnownFileType = sourcecode.swift; path = ModelData.swift; sourceTree = "<group>"; };
		ECDA4E0827473F5F006A30FD /* LandmarkRow.swift */ = {isa = PBXFileReference; lastKnownFileType = sourcecode.swift; path = LandmarkRow.swift; sourceTree = "<group>"; };
		ECDA4E0A274744DA006A30FD /* LandmarkList.swift */ = {isa = PBXFileReference; lastKnownFileType = sourcecode.swift; path = LandmarkList.swift; sourceTree = "<group>"; };
		ECDA4E0C27476756006A30FD /* LandmarkDetail.swift */ = {isa = PBXFileReference; lastKnownFileType = sourcecode.swift; path = LandmarkDetail.swift; sourceTree = "<group>"; };
/* End PBXFileReference section */

/* Begin PBXFrameworksBuildPhase section */
		ECDA4DE72746FDBD006A30FD /* Frameworks */ = {
			isa = PBXFrameworksBuildPhase;
			buildActionMask = 2147483647;
			files = (
			);
			runOnlyForDeploymentPostprocessing = 0;
		};
/* End PBXFrameworksBuildPhase section */

/* Begin PBXGroup section */
		ECAD8DAB2748224B008DBD18 /* Landmarks */ = {
			isa = PBXGroup;
			children = (
				ECDA4E0827473F5F006A30FD /* LandmarkRow.swift */,
				ECDA4E0A274744DA006A30FD /* LandmarkList.swift */,
				ECDA4E0C27476756006A30FD /* LandmarkDetail.swift */,
			);
			path = Landmarks;
			sourceTree = "<group>";
		};
		ECAD8DAC27482262008DBD18 /* Helpers */ = {
			isa = PBXGroup;
			children = (
				ECDA4DFD274704E4006A30FD /* MapView.swift */,
				ECDA4DFB274703BB006A30FD /* CircleImage.swift */,
				ECAD8DA9274820DE008DBD18 /* FavoriteButton.swift */,
				ECAD8DAD27482D1A008DBD18 /* HexagonParameters.swift */,
			);
			path = Helpers;
			sourceTree = "<group>";
		};
		ECDA4DE12746FDBD006A30FD = {
			isa = PBXGroup;
			children = (
				ECDA4DEC2746FDBD006A30FD /* Landmarks */,
				ECDA4DEB2746FDBD006A30FD /* Products */,
			);
			sourceTree = "<group>";
		};
		ECDA4DEB2746FDBD006A30FD /* Products */ = {
			isa = PBXGroup;
			children = (
				ECDA4DEA2746FDBD006A30FD /* Landmarks.app */,
			);
			name = Products;
			sourceTree = "<group>";
		};
		ECDA4DEC2746FDBD006A30FD /* Landmarks */ = {
			isa = PBXGroup;
			children = (
				ECDA4DED2746FDBD006A30FD /* LandmarksApp.swift */,
				ECDA4E0527473ECC006A30FD /* Views */,
				ECDA4E0627473EDE006A30FD /* Models */,
				ECDA4E0727473EF3006A30FD /* Resources */,
				ECDA4DF12746FDC4006A30FD /* Assets.xcassets */,
				ECDA4DF32746FDC4006A30FD /* Preview Content */,
			);
			path = Landmarks;
			sourceTree = "<group>";
		};
		ECDA4DF32746FDC4006A30FD /* Preview Content */ = {
			isa = PBXGroup;
			children = (
				ECDA4DF42746FDC4006A30FD /* Preview Assets.xcassets */,
			);
			path = "Preview Content";
			sourceTree = "<group>";
		};
		ECDA4E0527473ECC006A30FD /* Views */ = {
			isa = PBXGroup;
			children = (
				ECDA4DEF2746FDBD006A30FD /* ContentView.swift */,
				ECAD8DAC27482262008DBD18 /* Helpers */,
				ECAD8DAB2748224B008DBD18 /* Landmarks */,
			);
			path = Views;
			sourceTree = "<group>";
		};
		ECDA4E0627473EDE006A30FD /* Models */ = {
			isa = PBXGroup;
			children = (
				ECDA4E0127470B3F006A30FD /* Landmark.swift */,
				ECDA4E0327471330006A30FD /* ModelData.swift */,
			);
			path = Models;
			sourceTree = "<group>";
		};
		ECDA4E0727473EF3006A30FD /* Resources */ = {
			isa = PBXGroup;
			children = (
				ECDA4DFF27470B18006A30FD /* landmarkData.json */,
			);
			path = Resources;
			sourceTree = "<group>";
		};
/* End PBXGroup section */

/* Begin PBXNativeTarget section */
		ECDA4DE92746FDBD006A30FD /* Landmarks */ = {
			isa = PBXNativeTarget;
			buildConfigurationList = ECDA4DF82746FDC4006A30FD /* Build configuration list for PBXNativeTarget "Landmarks" */;
			buildPhases = (
				ECDA4DE62746FDBD006A30FD /* Sources */,
				ECDA4DE72746FDBD006A30FD /* Frameworks */,
				ECDA4DE82746FDBD006A30FD /* Resources */,
			);
			buildRules = (
			);
			dependencies = (
			);
			name = Landmarks;
			productName = Landmarks;
			productReference = ECDA4DEA2746FDBD006A30FD /* Landmarks.app */;
			productType = "com.apple.product-type.application";
		};
/* End PBXNativeTarget section */

/* Begin PBXProject section */
		ECDA4DE22746FDBD006A30FD /* Project object */ = {
			isa = PBXProject;
			attributes = {
				BuildIndependentTargetsInParallel = 1;
				LastSwiftUpdateCheck = 1310;
				LastUpgradeCheck = 1310;
				TargetAttributes = {
					ECDA4DE92746FDBD006A30FD = {
						CreatedOnToolsVersion = 13.1;
					};
				};
			};
			buildConfigurationList = ECDA4DE52746FDBD006A30FD /* Build configuration list for PBXProject "Landmarks" */;
			compatibilityVersion = "Xcode 13.0";
			developmentRegion = en;
			hasScannedForEncodings = 0;
			knownRegions = (
				en,
				Base,
			);
			mainGroup = ECDA4DE12746FDBD006A30FD;
			productRefGroup = ECDA4DEB2746FDBD006A30FD /* Products */;
			projectDirPath = "";
			projectRoot = "";
			targets = (
				ECDA4DE92746FDBD006A30FD /* Landmarks */,
			);
		};
/* End PBXProject section */

/* Begin PBXResourcesBuildPhase section */
		ECDA4DE82746FDBD006A30FD /* Resources */ = {
			isa = PBXResourcesBuildPhase;
			buildActionMask = 2147483647;
			files = (
				ECDA4DF52746FDC4006A30FD /* Preview Assets.xcassets in Resources */,
				ECDA4DF22746FDC4006A30FD /* Assets.xcassets in Resources */,
				ECDA4E0027470B18006A30FD /* landmarkData.json in Resources */,
			);
			runOnlyForDeploymentPostprocessing = 0;
		};
/* End PBXResourcesBuildPhase section */

/* Begin PBXSourcesBuildPhase section */
		ECDA4DE62746FDBD006A30FD /* Sources */ = {
			isa = PBXSourcesBuildPhase;
			buildActionMask = 2147483647;
			files = (
				ECDA4DF02746FDBD006A30FD /* ContentView.swift in Sources */,
				ECDA4DFE274704E4006A30FD /* MapView.swift in Sources */,
				ECDA4DEE2746FDBD006A30FD /* LandmarksApp.swift in Sources */,
				ECAD8DAA274820DF008DBD18 /* FavoriteButton.swift in Sources */,
				ECAD8DAE27482D1A008DBD18 /* HexagonParameters.swift in Sources */,
				ECDA4E0B274744DA006A30FD /* LandmarkList.swift in Sources */,
				ECDA4E0D27476757006A30FD /* LandmarkDetail.swift in Sources */,
				ECDA4DFC274703BB006A30FD /* CircleImage.swift in Sources */,
				ECDA4E0227470B3F006A30FD /* Landmark.swift in Sources */,
				ECDA4E0927473F5F006A30FD /* LandmarkRow.swift in Sources */,
				ECDA4E0427471330006A30FD /* ModelData.swift in Sources */,
			);
			runOnlyForDeploymentPostprocessing = 0;
		};
/* End PBXSourcesBuildPhase section */

/* Begin XCBuildConfiguration section */
		ECDA4DF62746FDC4006A30FD /* Debug */ = {
			isa = XCBuildConfiguration;
			buildSettings = {
				ALWAYS_SEARCH_USER_PATHS = NO;
				CLANG_ANALYZER_NONNULL = YES;
				CLANG_ANALYZER_NUMBER_OBJECT_CONVERSION = YES_AGGRESSIVE;
				CLANG_CXX_LANGUAGE_STANDARD = "gnu++17";
				CLANG_CXX_LIBRARY = "libc++";
				CLANG_ENABLE_MODULES = YES;
				CLANG_ENABLE_OBJC_ARC = YES;
				CLANG_ENABLE_OBJC_WEAK = YES;
				CLANG_WARN_BLOCK_CAPTURE_AUTORELEASING = YES;
				CLANG_WARN_BOOL_CONVERSION = YES;
				CLANG_WARN_COMMA = YES;
				CLANG_WARN_CONSTANT_CONVERSION = YES;
				CLANG_WARN_DEPRECATED_OBJC_IMPLEMENTATIONS = YES;
				CLANG_WARN_DIRECT_OBJC_ISA_USAGE = YES_ERROR;
				CLANG_WARN_DOCUMENTATION_COMMENTS = YES;
				CLANG_WARN_EMPTY_BODY = YES;
				CLANG_WARN_ENUM_CONVERSION = YES;
				CLANG_WARN_INFINITE_RECURSION = YES;
				CLANG_WARN_INT_CONVERSION = YES;
				CLANG_WARN_NON_LITERAL_NULL_CONVERSION = YES;
				CLANG_WARN_OBJC_IMPLICIT_RETAIN_SELF = YES;
				CLANG_WARN_OBJC_LITERAL_CONVERSION = YES;
				CLANG_WARN_OBJC_ROOT_CLASS = YES_ERROR;
				CLANG_WARN_QUOTED_INCLUDE_IN_FRAMEWORK_HEADER = YES;
				CLANG_WARN_RANGE_LOOP_ANALYSIS = YES;
				CLANG_WARN_STRICT_PROTOTYPES = YES;
				CLANG_WARN_SUSPICIOUS_MOVE = YES;
				CLANG_WARN_UNGUARDED_AVAILABILITY = YES_AGGRESSIVE;
				CLANG_WARN_UNREACHABLE_CODE = YES;
				CLANG_WARN__DUPLICATE_METHOD_MATCH = YES;
				COPY_PHASE_STRIP = NO;
				DEBUG_INFORMATION_FORMAT = dwarf;
				ENABLE_STRICT_OBJC_MSGSEND = YES;
				ENABLE_TESTABILITY = YES;
				GCC_C_LANGUAGE_STANDARD = gnu11;
				GCC_DYNAMIC_NO_PIC = NO;
				GCC_NO_COMMON_BLOCKS = YES;
				GCC_OPTIMIZATION_LEVEL = 0;
				GCC_PREPROCESSOR_DEFINITIONS = (
					"DEBUG=1",
					"$(inherited)",
				);
				GCC_WARN_64_TO_32_BIT_CONVERSION = YES;
				GCC_WARN_ABOUT_RETURN_TYPE = YES_ERROR;
				GCC_WARN_UNDECLARED_SELECTOR = YES;
				GCC_WARN_UNINITIALIZED_AUTOS = YES_AGGRESSIVE;
				GCC_WARN_UNUSED_FUNCTION = YES;
				GCC_WARN_UNUSED_VARIABLE = YES;
				IPHONEOS_DEPLOYMENT_TARGET = 15.0;
				MTL_ENABLE_DEBUG_INFO = INCLUDE_SOURCE;
				MTL_FAST_MATH = YES;
				ONLY_ACTIVE_ARCH = YES;
				SDKROOT = iphoneos;
				SWIFT_ACTIVE_COMPILATION_CONDITIONS = DEBUG;
				SWIFT_OPTIMIZATION_LEVEL = "-Onone";
			};
			name = Debug;
		};
		ECDA4DF72746FDC4006A30FD /* Release */ = {
			isa = XCBuildConfiguration;
			buildSettings = {
				ALWAYS_SEARCH_USER_PATHS = NO;
				CLANG_ANALYZER_NONNULL = YES;
				CLANG_ANALYZER_NUMBER_OBJECT_CONVERSION = YES_AGGRESSIVE;
				CLANG_CXX_LANGUAGE_STANDARD = "gnu++17";
				CLANG_CXX_LIBRARY = "libc++";
				CLANG_ENABLE_MODULES = YES;
				CLANG_ENABLE_OBJC_ARC = YES;
				CLANG_ENABLE_OBJC_WEAK = YES;
				CLANG_WARN_BLOCK_CAPTURE_AUTORELEASING = YES;
				CLANG_WARN_BOOL_CONVERSION = YES;
				CLANG_WARN_COMMA = YES;
				CLANG_WARN_CONSTANT_CONVERSION = YES;
				CLANG_WARN_DEPRECATED_OBJC_IMPLEMENTATIONS = YES;
				CLANG_WARN_DIRECT_OBJC_ISA_USAGE = YES_ERROR;
				CLANG_WARN_DOCUMENTATION_COMMENTS = YES;
				CLANG_WARN_EMPTY_BODY = YES;
				CLANG_WARN_ENUM_CONVERSION = YES;
				CLANG_WARN_INFINITE_RECURSION = YES;
				CLANG_WARN_INT_CONVERSION = YES;
				CLANG_WARN_NON_LITERAL_NULL_CONVERSION = YES;
				CLANG_WARN_OBJC_IMPLICIT_RETAIN_SELF = YES;
				CLANG_WARN_OBJC_LITERAL_CONVERSION = YES;
				CLANG_WARN_OBJC_ROOT_CLASS = YES_ERROR;
				CLANG_WARN_QUOTED_INCLUDE_IN_FRAMEWORK_HEADER = YES;
				CLANG_WARN_RANGE_LOOP_ANALYSIS = YES;
				CLANG_WARN_STRICT_PROTOTYPES = YES;
				CLANG_WARN_SUSPICIOUS_MOVE = YES;
				CLANG_WARN_UNGUARDED_AVAILABILITY = YES_AGGRESSIVE;
				CLANG_WARN_UNREACHABLE_CODE = YES;
				CLANG_WARN__DUPLICATE_METHOD_MATCH = YES;
				COPY_PHASE_STRIP = NO;
				DEBUG_INFORMATION_FORMAT = "dwarf-with-dsym";
				ENABLE_NS_ASSERTIONS = NO;
				ENABLE_STRICT_OBJC_MSGSEND = YES;
				GCC_C_LANGUAGE_STANDARD = gnu11;
				GCC_NO_COMMON_BLOCKS = YES;
				GCC_WARN_64_TO_32_BIT_CONVERSION = YES;
				GCC_WARN_ABOUT_RETURN_TYPE = YES_ERROR;
				GCC_WARN_UNDECLARED_SELECTOR = YES;
				GCC_WARN_UNINITIALIZED_AUTOS = YES_AGGRESSIVE;
				GCC_WARN_UNUSED_FUNCTION = YES;
				GCC_WARN_UNUSED_VARIABLE = YES;
				IPHONEOS_DEPLOYMENT_TARGET = 15.0;
				MTL_ENABLE_DEBUG_INFO = NO;
				MTL_FAST_MATH = YES;
				SDKROOT = iphoneos;
				SWIFT_COMPILATION_MODE = wholemodule;
				SWIFT_OPTIMIZATION_LEVEL = "-O";
				VALIDATE_PRODUCT = YES;
			};
			name = Release;
		};
		ECDA4DF92746FDC4006A30FD /* Debug */ = {
			isa = XCBuildConfiguration;
			buildSettings = {
				ASSETCATALOG_COMPILER_APPICON_NAME = AppIcon;
				ASSETCATALOG_COMPILER_GLOBAL_ACCENT_COLOR_NAME = AccentColor;
				CODE_SIGN_STYLE = Automatic;
				CURRENT_PROJECT_VERSION = 1;
				DEVELOPMENT_ASSET_PATHS = "\"Landmarks/Preview Content\"";
				DEVELOPMENT_TEAM = 7QAYF98LA4;
				ENABLE_PREVIEWS = YES;
				GENERATE_INFOPLIST_FILE = YES;
				INFOPLIST_KEY_UIApplicationSceneManifest_Generation = YES;
				INFOPLIST_KEY_UIApplicationSupportsIndirectInputEvents = YES;
				INFOPLIST_KEY_UILaunchScreen_Generation = YES;
				INFOPLIST_KEY_UISupportedInterfaceOrientations_iPad = "UIInterfaceOrientationPortrait UIInterfaceOrientationPortraitUpsideDown UIInterfaceOrientationLandscapeLeft UIInterfaceOrientationLandscapeRight";
				INFOPLIST_KEY_UISupportedInterfaceOrientations_iPhone = "UIInterfaceOrientationPortrait UIInterfaceOrientationLandscapeLeft UIInterfaceOrientationLandscapeRight";
				LD_RUNPATH_SEARCH_PATHS = (
					"$(inherited)",
					"@executable_path/Frameworks",
				);
				MARKETING_VERSION = 1.0;
				PRODUCT_BUNDLE_IDENTIFIER = aglegaspi.Landmarks;
				PRODUCT_NAME = "$(TARGET_NAME)";
				SWIFT_EMIT_LOC_STRINGS = YES;
				SWIFT_VERSION = 5.0;
				TARGETED_DEVICE_FAMILY = "1,2";
			};
			name = Debug;
		};
		ECDA4DFA2746FDC4006A30FD /* Release */ = {
			isa = XCBuildConfiguration;
			buildSettings = {
				ASSETCATALOG_COMPILER_APPICON_NAME = AppIcon;
				ASSETCATALOG_COMPILER_GLOBAL_ACCENT_COLOR_NAME = AccentColor;
				CODE_SIGN_STYLE = Automatic;
				CURRENT_PROJECT_VERSION = 1;
				DEVELOPMENT_ASSET_PATHS = "\"Landmarks/Preview Content\"";
				DEVELOPMENT_TEAM = 7QAYF98LA4;
				ENABLE_PREVIEWS = YES;
				GENERATE_INFOPLIST_FILE = YES;
				INFOPLIST_KEY_UIApplicationSceneManifest_Generation = YES;
				INFOPLIST_KEY_UIApplicationSupportsIndirectInputEvents = YES;
				INFOPLIST_KEY_UILaunchScreen_Generation = YES;
				INFOPLIST_KEY_UISupportedInterfaceOrientations_iPad = "UIInterfaceOrientationPortrait UIInterfaceOrientationPortraitUpsideDown UIInterfaceOrientationLandscapeLeft UIInterfaceOrientationLandscapeRight";
				INFOPLIST_KEY_UISupportedInterfaceOrientations_iPhone = "UIInterfaceOrientationPortrait UIInterfaceOrientationLandscapeLeft UIInterfaceOrientationLandscapeRight";
				LD_RUNPATH_SEARCH_PATHS = (
					"$(inherited)",
					"@executable_path/Frameworks",
				);
				MARKETING_VERSION = 1.0;
				PRODUCT_BUNDLE_IDENTIFIER = aglegaspi.Landmarks;
				PRODUCT_NAME = "$(TARGET_NAME)";
				SWIFT_EMIT_LOC_STRINGS = YES;
				SWIFT_VERSION = 5.0;
				TARGETED_DEVICE_FAMILY = "1,2";
			};
			name = Release;
		};
/* End XCBuildConfiguration section */

/* Begin XCConfigurationList section */
		ECDA4DE52746FDBD006A30FD /* Build configuration list for PBXProject "Landmarks" */ = {
			isa = XCConfigurationList;
			buildConfigurations = (
				ECDA4DF62746FDC4006A30FD /* Debug */,
				ECDA4DF72746FDC4006A30FD /* Release */,
			);
			defaultConfigurationIsVisible = 0;
			defaultConfigurationName = Release;
		};
		ECDA4DF82746FDC4006A30FD /* Build configuration list for PBXNativeTarget "Landmarks" */ = {
			isa = XCConfigurationList;
			buildConfigurations = (
				ECDA4DF92746FDC4006A30FD /* Debug */,
				ECDA4DFA2746FDC4006A30FD /* Release */,
			);
			defaultConfigurationIsVisible = 0;
			defaultConfigurationName = Release;
		};
/* End XCConfigurationList section */
	};
	rootObject = ECDA4DE22746FDBD006A30FD /* Project object */;
}
